
Microsoft Visual Studio Solution File, Format Version 12.00
# Visual Studio Version 16
VisualStudioVersion = 16.0.30804.86
MinimumVisualStudioVersion = 10.0.40219.1
Project("{FAE04EC0-301F-11D3-BF4B-00C04F79EFBC}") = "Russia", "Russia.Net\Russia.csproj", "{65D081FF-8E40-457D-A13F-6082F1D3A475}"
EndProject
Project("{FAE04EC0-301F-11D3-BF4B-00C04F79EFBC}") = "Russia.Tests", "Russia.Tests\Russia.Tests.csproj", "{7C53E4D6-7FC6-4E66-B73A-241C6C4BAD19}"
EndProject
Project("{8BC9CEB8-8B4A-11D0-8D11-00A0C91BC942}") = "Russia.Native", "Russia.Native\Russia.Native.vcxproj", "{D1A0D184-176E-4DBF-96A2-AF2D2E9626E7}"
EndProject
Project("{FAE04EC0-301F-11D3-BF4B-00C04F79EFBC}") = "Russia.UI", "Russia.UI\Russia.UI.csproj", "{2071E668-A999-4669-981A-51CF2F71DBD8}"
EndProject
Project("{FAE04EC0-301F-11D3-BF4B-00C04F79EFBC}") = "Russia.Graphics", "Russia.Graphics\Russia.Graphics.csproj", "{55754008-FD23-46FE-B3D8-8E4A56457656}"
EndProject
Project("{FAE04EC0-301F-11D3-BF4B-00C04F79EFBC}") = "Russia.Core", "Russia.Core\Russia.Core.csproj", "{DBC6C28B-752A-4D60-9072-59C69BCBB79E}"
EndProject
Project("{FAE04EC0-301F-11D3-BF4B-00C04F79EFBC}") = "Russia.Common", "Russia.Common\Russia.Common.csproj", "{BBB9E063-9AA2-41C7-919D-536550CE1306}"
EndProject
Global
	GlobalSection(SolutionConfigurationPlatforms) = preSolution
		Debug|Any CPU = Debug|Any CPU
		Debug|x64 = Debug|x64
		Debug|x86 = Debug|x86
		Release|Any CPU = Release|Any CPU
		Release|x64 = Release|x64
		Release|x86 = Release|x86
	EndGlobalSection
	GlobalSection(ProjectConfigurationPlatforms) = postSolution
		{65D081FF-8E40-457D-A13F-6082F1D3A475}.Debug|Any CPU.ActiveCfg = Debug|Any CPU
		{65D081FF-8E40-457D-A13F-6082F1D3A475}.Debug|Any CPU.Build.0 = Debug|Any CPU
		{65D081FF-8E40-457D-A13F-6082F1D3A475}.Debug|x64.ActiveCfg = Debug|Any CPU
		{65D081FF-8E40-457D-A13F-6082F1D3A475}.Debug|x64.Build.0 = Debug|Any CPU
		{65D081FF-8E40-457D-A13F-6082F1D3A475}.Debug|x86.ActiveCfg = Debug|Any CPU
		{65D081FF-8E40-457D-A13F-6082F1D3A475}.Debug|x86.Build.0 = Debug|Any CPU
		{65D081FF-8E40-457D-A13F-6082F1D3A475}.Release|Any CPU.ActiveCfg = Release|Any CPU
		{65D081FF-8E40-457D-A13F-6082F1D3A475}.Release|Any CPU.Build.0 = Release|Any CPU
		{65D081FF-8E40-457D-A13F-6082F1D3A475}.Release|x64.ActiveCfg = Release|Any CPU
		{65D081FF-8E40-457D-A13F-6082F1D3A475}.Release|x64.Build.0 = Release|Any CPU
		{65D081FF-8E40-457D-A13F-6082F1D3A475}.Release|x86.ActiveCfg = Release|Any CPU
		{65D081FF-8E40-457D-A13F-6082F1D3A475}.Release|x86.Build.0 = Release|Any CPU
		{7C53E4D6-7FC6-4E66-B73A-241C6C4BAD19}.Debug|Any CPU.ActiveCfg = Debug|Any CPU
		{7C53E4D6-7FC6-4E66-B73A-241C6C4BAD19}.Debug|Any CPU.Build.0 = Debug|Any CPU
		{7C53E4D6-7FC6-4E66-B73A-241C6C4BAD19}.Debug|x64.ActiveCfg = Debug|Any CPU
		{7C53E4D6-7FC6-4E66-B73A-241C6C4BAD19}.Debug|x64.Build.0 = Debug|Any CPU
		{7C53E4D6-7FC6-4E66-B73A-241C6C4BAD19}.Debug|x86.ActiveCfg = Debug|Any CPU
		{7C53E4D6-7FC6-4E66-B73A-241C6C4BAD19}.Debug|x86.Build.0 = Debug|Any CPU
		{7C53E4D6-7FC6-4E66-B73A-241C6C4BAD19}.Release|Any CPU.ActiveCfg = Release|Any CPU
		{7C53E4D6-7FC6-4E66-B73A-241C6C4BAD19}.Release|Any CPU.Build.0 = Release|Any CPU
		{7C53E4D6-7FC6-4E66-B73A-241C6C4BAD19}.Release|x64.ActiveCfg = Release|Any CPU
		{7C53E4D6-7FC6-4E66-B73A-241C6C4BAD19}.Release|x64.Build.0 = Release|Any CPU
		{7C53E4D6-7FC6-4E66-B73A-241C6C4BAD19}.Release|x86.ActiveCfg = Release|Any CPU
		{7C53E4D6-7FC6-4E66-B73A-241C6C4BAD19}.Release|x86.Build.0 = Release|Any CPU
		{D1A0D184-176E-4DBF-96A2-AF2D2E9626E7}.Debug|Any CPU.ActiveCfg = Debug|Win32
		{D1A0D184-176E-4DBF-96A2-AF2D2E9626E7}.Debug|x64.ActiveCfg = Debug|x64
		{D1A0D184-176E-4DBF-96A2-AF2D2E9626E7}.Debug|x64.Build.0 = Debug|x64
		{D1A0D184-176E-4DBF-96A2-AF2D2E9626E7}.Debug|x86.ActiveCfg = Debug|Win32
		{D1A0D184-176E-4DBF-96A2-AF2D2E9626E7}.Debug|x86.Build.0 = Debug|Win32
		{D1A0D184-176E-4DBF-96A2-AF2D2E9626E7}.Release|Any CPU.ActiveCfg = Release|Win32
		{D1A0D184-176E-4DBF-96A2-AF2D2E9626E7}.Release|x64.ActiveCfg = Release|x64
		{D1A0D184-176E-4DBF-96A2-AF2D2E9626E7}.Release|x64.Build.0 = Release|x64
		{D1A0D184-176E-4DBF-96A2-AF2D2E9626E7}.Release|x86.ActiveCfg = Release|Win32
		{D1A0D184-176E-4DBF-96A2-AF2D2E9626E7}.Release|x86.Build.0 = Release|Win32
		{2071E668-A999-4669-981A-51CF2F71DBD8}.Debug|Any CPU.ActiveCfg = Debug|Any CPU
		{2071E668-A999-4669-981A-51CF2F71DBD8}.Debug|Any CPU.Build.0 = Debug|Any CPU
		{2071E668-A999-4669-981A-51CF2F71DBD8}.Debug|x64.ActiveCfg = Debug|Any CPU
		{2071E668-A999-4669-981A-51CF2F71DBD8}.Debug|x64.Build.0 = Debug|Any CPU
		{2071E668-A999-4669-981A-51CF2F71DBD8}.Debug|x86.ActiveCfg = Debug|Any CPU
		{2071E668-A999-4669-981A-51CF2F71DBD8}.Debug|x86.Build.0 = Debug|Any CPU
		{2071E668-A999-4669-981A-51CF2F71DBD8}.Release|Any CPU.ActiveCfg = Release|Any CPU
		{2071E668-A999-4669-981A-51CF2F71DBD8}.Release|Any CPU.Build.0 = Release|Any CPU
		{2071E668-A999-4669-981A-51CF2F71DBD8}.Release|x64.ActiveCfg = Release|Any CPU
		{2071E668-A999-4669-981A-51CF2F71DBD8}.Release|x64.Build.0 = Release|Any CPU
		{2071E668-A999-4669-981A-51CF2F71DBD8}.Release|x86.ActiveCfg = Release|Any CPU
		{2071E668-A999-4669-981A-51CF2F71DBD8}.Release|x86.Build.0 = Release|Any CPU
		{55754008-FD23-46FE-B3D8-8E4A56457656}.Debug|Any CPU.ActiveCfg = Debug|Any CPU
		{55754008-FD23-46FE-B3D8-8E4A56457656}.Debug|Any CPU.Build.0 = Debug|Any CPU
		{55754008-FD23-46FE-B3D8-8E4A56457656}.Debug|x64.ActiveCfg = Debug|Any CPU
		{55754008-FD23-46FE-B3D8-8E4A56457656}.Debug|x64.Build.0 = Debug|Any CPU
		{55754008-FD23-46FE-B3D8-8E4A56457656}.Debug|x86.ActiveCfg = Debug|Any CPU
		{55754008-FD23-46FE-B3D8-8E4A56457656}.Debug|x86.Build.0 = Debug|Any CPU
		{55754008-FD23-46FE-B3D8-8E4A56457656}.Release|Any CPU.ActiveCfg = Release|Any CPU
		{55754008-FD23-46FE-B3D8-8E4A56457656}.Release|Any CPU.Build.0 = Release|Any CPU
		{55754008-FD23-46FE-B3D8-8E4A56457656}.Release|x64.ActiveCfg = Release|Any CPU
		{55754008-FD23-46FE-B3D8-8E4A56457656}.Release|x64.Build.0 = Release|Any CPU
		{55754008-FD23-46FE-B3D8-8E4A56457656}.Release|x86.ActiveCfg = Release|Any CPU
		{55754008-FD23-46FE-B3D8-8E4A56457656}.Release|x86.Build.0 = Release|Any CPU
		{DBC6C28B-752A-4D60-9072-59C69BCBB79E}.Debug|Any CPU.ActiveCfg = Debug|Any CPU
		{DBC6C28B-752A-4D60-9072-59C69BCBB79E}.Debug|Any CPU.Build.0 = Debug|Any CPU
		{DBC6C28B-752A-4D60-9072-59C69BCBB79E}.Debug|x64.ActiveCfg = Debug|Any CPU
		{DBC6C28B-752A-4D60-9072-59C69BCBB79E}.Debug|x64.Build.0 = Debug|Any CPU
		{DBC6C28B-752A-4D60-9072-59C69BCBB79E}.Debug|x86.ActiveCfg = Debug|Any CPU
		{DBC6C28B-752A-4D60-9072-59C69BCBB79E}.Debug|x86.Build.0 = Debug|Any CPU
		{DBC6C28B-752A-4D60-9072-59C69BCBB79E}.Release|Any CPU.ActiveCfg = Release|Any CPU
		{DBC6C28B-752A-4D60-9072-59C69BCBB79E}.Release|Any CPU.Build.0 = Release|Any CPU
		{DBC6C28B-752A-4D60-9072-59C69BCBB79E}.Release|x64.ActiveCfg = Release|Any CPU
		{DBC6C28B-752A-4D60-9072-59C69BCBB79E}.Release|x64.Build.0 = Release|Any CPU
		{DBC6C28B-752A-4D60-9072-59C69BCBB79E}.Release|x86.ActiveCfg = Release|Any CPU
		{DBC6C28B-752A-4D60-9072-59C69BCBB79E}.Release|x86.Build.0 = Release|Any CPU
		{BBB9E063-9AA2-41C7-919D-536550CE1306}.Debug|Any CPU.ActiveCfg = Debug|Any CPU
		{BBB9E063-9AA2-41C7-919D-536550CE1306}.Debug|Any CPU.Build.0 = Debug|Any CPU
		{BBB9E063-9AA2-41C7-919D-536550CE1306}.Debug|x64.ActiveCfg = Debug|Any CPU
		{BBB9E063-9AA2-41C7-919D-536550CE1306}.Debug|x64.Build.0 = Debug|Any CPU
		{BBB9E063-9AA2-41C7-919D-536550CE1306}.Debug|x86.ActiveCfg = Debug|Any CPU
		{BBB9E063-9AA2-41C7-919D-536550CE1306}.Debug|x86.Build.0 = Debug|Any CPU
		{BBB9E063-9AA2-41C7-919D-536550CE1306}.Release|Any CPU.ActiveCfg = Release|Any CPU
		{BBB9E063-9AA2-41C7-919D-536550CE1306}.Release|Any CPU.Build.0 = Release|Any CPU
		{BBB9E063-9AA2-41C7-919D-536550CE1306}.Release|x64.ActiveCfg = Release|Any CPU
		{BBB9E063-9AA2-41C7-919D-536550CE1306}.Release|x64.Build.0 = Release|Any CPU
		{BBB9E063-9AA2-41C7-919D-536550CE1306}.Release|x86.ActiveCfg = Release|Any CPU
		{BBB9E063-9AA2-41C7-919D-536550CE1306}.Release|x86.Build.0 = Release|Any CPU
	EndGlobalSection
	GlobalSection(SolutionProperties) = preSolution
		HideSolutionNode = FALSE
	EndGlobalSection
	GlobalSection(ExtensibilityGlobals) = postSolution
		SolutionGuid = {0224ABF7-2F48-432A-BB3B-CDABE0FD2EFF}
	EndGlobalSection
EndGlobal
